
Microsoft Visual Studio Solution File, Format Version 12.00
# Visual Studio 14
VisualStudioVersion = 14.0.25420.1
MinimumVisualStudioVersion = 10.0.40219.1
Project("{FAE04EC0-301F-11D3-BF4B-00C04F79EFBC}") = "AuthorizationServer", "Server\AuthorizationServer.csproj", "{29E41DEA-18DC-46F8-83ED-A036B672A0F5}"
EndProject
Project("{FAE04EC0-301F-11D3-BF4B-00C04F79EFBC}") = "WebAuthorizationServer", "WebAuthorizationServer\WebAuthorizationServer.csproj", "{18E03BFE-054A-4538-8527-0B5EC58CB665}"
EndProject
Global
	GlobalSection(SolutionConfigurationPlatforms) = preSolution
		Debug|Any CPU = Debug|Any CPU
		Release|Any CPU = Release|Any CPU
	EndGlobalSection
	GlobalSection(ProjectConfigurationPlatforms) = postSolution
		{29E41DEA-18DC-46F8-83ED-A036B672A0F5}.Debug|Any CPU.ActiveCfg = Debug|Any CPU
		{29E41DEA-18DC-46F8-83ED-A036B672A0F5}.Debug|Any CPU.Build.0 = Debug|Any CPU
		{29E41DEA-18DC-46F8-83ED-A036B672A0F5}.Release|Any CPU.ActiveCfg = Release|Any CPU
		{29E41DEA-18DC-46F8-83ED-A036B672A0F5}.Release|Any CPU.Build.0 = Release|Any CPU
		{18E03BFE-054A-4538-8527-0B5EC58CB665}.Debug|Any CPU.ActiveCfg = Debug|Any CPU
		{18E03BFE-054A-4538-8527-0B5EC58CB665}.Debug|Any CPU.Build.0 = Debug|Any CPU
		{18E03BFE-054A-4538-8527-0B5EC58CB665}.Release|Any CPU.ActiveCfg = Release|Any CPU
		{18E03BFE-054A-4538-8527-0B5EC58CB665}.Release|Any CPU.Build.0 = Release|Any CPU
	EndGlobalSection
	GlobalSection(SolutionProperties) = preSolution
		HideSolutionNode = FALSE
	EndGlobalSection
EndGlobal
